
Microsoft Visual Studio Solution File, Format Version 12.00
# Visual Studio Version 17
VisualStudioVersion = 17.11.35327.3
MinimumVisualStudioVersion = 10.0.40219.1
Project("{9A19103F-16F7-4668-BE54-9A1E7A4F7556}") = "VBase", "VBase\VBase.csproj", "{2617F18D-F24F-4C60-ABDB-B6F1F01BE54F}"
EndProject
Project("{9A19103F-16F7-4668-BE54-9A1E7A4F7556}") = "VBase.Tests", "VBase.Tests\VBase.Tests.csproj", "{12E2C497-C273-4704-8577-6C440E85853A}"
EndProject
Global
	GlobalSection(SolutionConfigurationPlatforms) = preSolution
		Debug|Any CPU = Debug|Any CPU
		Release|Any CPU = Release|Any CPU
	EndGlobalSection
	GlobalSection(ProjectConfigurationPlatforms) = postSolution
		{2617F18D-F24F-4C60-ABDB-B6F1F01BE54F}.Debug|Any CPU.ActiveCfg = Debug|Any CPU
		{2617F18D-F24F-4C60-ABDB-B6F1F01BE54F}.Debug|Any CPU.Build.0 = Debug|Any CPU
		{2617F18D-F24F-4C60-ABDB-B6F1F01BE54F}.Release|Any CPU.ActiveCfg = Release|Any CPU
		{2617F18D-F24F-4C60-ABDB-B6F1F01BE54F}.Release|Any CPU.Build.0 = Release|Any CPU
		{12E2C497-C273-4704-8577-6C440E85853A}.Debug|Any CPU.ActiveCfg = Debug|Any CPU
		{12E2C497-C273-4704-8577-6C440E85853A}.Debug|Any CPU.Build.0 = Debug|Any CPU
		{12E2C497-C273-4704-8577-6C440E85853A}.Release|Any CPU.ActiveCfg = Release|Any CPU
		{12E2C497-C273-4704-8577-6C440E85853A}.Release|Any CPU.Build.0 = Release|Any CPU
	EndGlobalSection
	GlobalSection(SolutionProperties) = preSolution
		HideSolutionNode = FALSE
	EndGlobalSection
	GlobalSection(ExtensibilityGlobals) = postSolution
		SolutionGuid = {0B49FF8F-1BD4-4CC5-8D42-20BF597BA517}
	EndGlobalSection
EndGlobal
