
Microsoft Visual Studio Solution File, Format Version 12.00
# Visual Studio Version 17
VisualStudioVersion = 17.9.34902.65
MinimumVisualStudioVersion = 10.0.40219.1
Project("{9A19103F-16F7-4668-BE54-9A1E7A4F7556}") = "vBase.Core", "vBase.Core\vBase.Core.csproj", "{40C03B9F-9788-4DBD-AD68-65C88F4C73A6}"
EndProject
Project("{FAE04EC0-301F-11D3-BF4B-00C04F79EFBC}") = "vBase.ComShim", "vBase.ComShim\vBase.ComShim.csproj", "{74CAD00C-A45D-4292-9070-5C579DE47B64}"
EndProject
Project("{2150E333-8FDC-42A3-9474-1A3956D46DE8}") = "Shared", "Shared", "{BC52450F-4369-4AEB-BDAB-AE29A061EE6B}"
	ProjectSection(SolutionItems) = preProject
		Shared\AssemblyInfoShared.cs = Shared\AssemblyInfoShared.cs
	EndProjectSection
EndProject
Project("{9A19103F-16F7-4668-BE54-9A1E7A4F7556}") = "vBase.Core.Tests", "vBase.Core.Tests\vBase.Core.Tests.csproj", "{B35239D7-4C32-483A-B741-4DB6C5C13D73}"
EndProject
Project("{54435603-DBB4-11D2-8724-00A0C9A8B90C}") = "vBase.ComShim.Setup", "vBase.ComShim.Setup\vBase.ComShim.Setup.vdproj", "{44888E99-2A62-4B57-B5DF-34D806739328}"
EndProject
Project("{2150E333-8FDC-42A3-9474-1A3956D46DE8}") = ".github", ".github", "{067C7925-ED0A-42F6-92FB-6160CFD7E549}"
EndProject
Project("{2150E333-8FDC-42A3-9474-1A3956D46DE8}") = "workflows", "workflows", "{0179EE78-7C40-4A7F-BEBC-81B45B6A6C93}"
	ProjectSection(SolutionItems) = preProject
		.github\workflows\build.yml = .github\workflows\build.yml
	EndProjectSection
EndProject
Project("{2150E333-8FDC-42A3-9474-1A3956D46DE8}") = "Docs", "Docs", "{B771C496-E6A2-4D5F-9D9C-E16232B6B799}"
	ProjectSection(SolutionItems) = preProject
		Docs\Architecture.md = Docs\Architecture.md
	EndProjectSection
EndProject
Global
	GlobalSection(SolutionConfigurationPlatforms) = preSolution
		Debug|Any CPU = Debug|Any CPU
		Release|Any CPU = Release|Any CPU
	EndGlobalSection
	GlobalSection(ProjectConfigurationPlatforms) = postSolution
		{40C03B9F-9788-4DBD-AD68-65C88F4C73A6}.Debug|Any CPU.ActiveCfg = Debug|Any CPU
		{40C03B9F-9788-4DBD-AD68-65C88F4C73A6}.Debug|Any CPU.Build.0 = Debug|Any CPU
		{40C03B9F-9788-4DBD-AD68-65C88F4C73A6}.Release|Any CPU.ActiveCfg = Release|Any CPU
		{40C03B9F-9788-4DBD-AD68-65C88F4C73A6}.Release|Any CPU.Build.0 = Release|Any CPU
		{74CAD00C-A45D-4292-9070-5C579DE47B64}.Debug|Any CPU.ActiveCfg = Debug|Any CPU
		{74CAD00C-A45D-4292-9070-5C579DE47B64}.Debug|Any CPU.Build.0 = Debug|Any CPU
		{74CAD00C-A45D-4292-9070-5C579DE47B64}.Release|Any CPU.ActiveCfg = Release|Any CPU
		{74CAD00C-A45D-4292-9070-5C579DE47B64}.Release|Any CPU.Build.0 = Release|Any CPU
		{B35239D7-4C32-483A-B741-4DB6C5C13D73}.Debug|Any CPU.ActiveCfg = Debug|Any CPU
		{B35239D7-4C32-483A-B741-4DB6C5C13D73}.Debug|Any CPU.Build.0 = Debug|Any CPU
		{B35239D7-4C32-483A-B741-4DB6C5C13D73}.Release|Any CPU.ActiveCfg = Release|Any CPU
		{B35239D7-4C32-483A-B741-4DB6C5C13D73}.Release|Any CPU.Build.0 = Release|Any CPU
		{44888E99-2A62-4B57-B5DF-34D806739328}.Debug|Any CPU.ActiveCfg = Debug
		{44888E99-2A62-4B57-B5DF-34D806739328}.Release|Any CPU.ActiveCfg = Release
		{44888E99-2A62-4B57-B5DF-34D806739328}.Release|Any CPU.Build.0 = Release
	EndGlobalSection
	GlobalSection(SolutionProperties) = preSolution
		HideSolutionNode = FALSE
	EndGlobalSection
	GlobalSection(NestedProjects) = preSolution
		{0179EE78-7C40-4A7F-BEBC-81B45B6A6C93} = {067C7925-ED0A-42F6-92FB-6160CFD7E549}
	EndGlobalSection
	GlobalSection(ExtensibilityGlobals) = postSolution
		SolutionGuid = {3EC99843-781B-4349-8B3A-FE99CCF33025}
	EndGlobalSection
EndGlobal
