
Microsoft Visual Studio Solution File, Format Version 12.00
# Visual Studio Version 17
VisualStudioVersion = 17.11.35327.3
MinimumVisualStudioVersion = 10.0.40219.1
Project("{FAE04EC0-301F-11D3-BF4B-00C04F79EFBC}") = "VBase", "VBase.csproj", "{C3CF846D-BC6C-4A91-B417-3E777FFC3AA6}"
EndProject
Global
	GlobalSection(SolutionConfigurationPlatforms) = preSolution
		Debug|Any CPU = Debug|Any CPU
		Release|Any CPU = Release|Any CPU
	EndGlobalSection
	GlobalSection(ProjectConfigurationPlatforms) = postSolution
		{C3CF846D-BC6C-4A91-B417-3E777FFC3AA6}.Debug|Any CPU.ActiveCfg = Debug|Any CPU
		{C3CF846D-BC6C-4A91-B417-3E777FFC3AA6}.Debug|Any CPU.Build.0 = Debug|Any CPU
		{C3CF846D-BC6C-4A91-B417-3E777FFC3AA6}.Release|Any CPU.ActiveCfg = Release|Any CPU
		{C3CF846D-BC6C-4A91-B417-3E777FFC3AA6}.Release|Any CPU.Build.0 = Release|Any CPU
	EndGlobalSection
	GlobalSection(SolutionProperties) = preSolution
		HideSolutionNode = FALSE
	EndGlobalSection
	GlobalSection(ExtensibilityGlobals) = postSolution
		SolutionGuid = {0B49FF8F-1BD4-4CC5-8D42-20BF597BA517}
	EndGlobalSection
EndGlobal
